# Written by scripts/sync-packs.sh. Do not edit: run it again.
commit 8964b7bda1f488166bce1ef90a26d2794852a92c
88a2c2ac86ccac67bca94fc48ab04882b0ce338da55cf200597d867ee0163d04  agents/claude.toml
42c699f5c3371d33b1582fde4244b698d0cca4b14c918ecc5f2ae561ad1db2d1  agents/codex.toml
5df881494496b02bede8258e314e2eccec9e0b2609f62795aad94e36d121c5e1  agents/copilot.toml
20233ebaa65a46906d670c537419ff76a06365db37d191359dd9b6cfc5dfefd5  agents/opencode.toml
269bc5a4a0b6f840ecb62e64050e4512b9c1446b23629697d7379dbcf0341a4e  agents/pi.toml
809c16fe6ccca3491942858e1256765e28c3c4fe93fe84aec890a6a5b749566c  dap/debugpy.toml
64a2ed56e6e56da2861445641a93dc5a4c0f6b3d4a75b8e3b68073ba12b1743c  dap/delve.toml
e7d845d44f17d2f3d7f786917b738d56205d74045e6b57038581a4242003c7d3  dap/lldb.toml
dc9f0772119330ab52cf03c5e4d53ce6066dfa49349fb5c97ea4d2e302ae2d40  formatters/biome.toml
ed891203a145098b620fedfcce6d0b2015443d0b025ae0ede41e1a81b3ab9f28  formatters/black.toml
809d513d523e791bf7364b40e14f5bda6d9ab95e23a4ec4ac1a25b3839765861  formatters/gofmt.toml
21f15172bacc48f534978e4b3dbbcc56298fd6ecd6610d9d3df095fe63b3d820  formatters/oxfmt.toml
0f843bdf51aac446f593b977b4a2a853ea55bc95c4c28201499fc5a06a9d61a9  formatters/prettier.toml
8d09fd1d975e34b4c67107ec8d8d7b54be1a78f8bdbda61a36465f6f2c10fb3b  formatters/ruff.toml
b5878db5b2a062b1211967e503a75d32a870e08ee16ceec71767b2ad67f74dc6  formatters/shfmt.toml
9413b3ed666014e7cb6622b29f40c1b5c694ab095b9600163f32fbde2ea6c53d  formatters/stylua.toml
223c669851a40449b287f4f0ff435e45074b3f753720d16f453c95562da3f9bc  formatters/vite-plus.toml
dbfcd3ea1ee84a80fe5b6c63c034b83867a8356d397345f7c32e811aca49a7a1  lsp/astro.toml
6fdc49481ec35d0675ce52b2bbfa82950b3aa9bece020d8171354670519a14ac  lsp/bash.toml
63113b7396de51fc0d000c37863c5ae0757a540abf3a810986ea0e3b6f9fd40b  lsp/biome.toml
13cbece6496054c8e61da126c12a514a0918b72088610421671327397fe1fbb1  lsp/clangd.toml
6cc407a7cd485390fea8406211b71d7ec654afec819bc4580ce6fd8a048ce42e  lsp/clojure.toml
2ed18842a7b686d7b7cd13492480a99ad39f5621d779fb63bec70380206c6071  lsp/csharp.toml
3d9da936dbd59f07c9656524db030ca0dca92e67ba1c88e81198953b75af8231  lsp/css.toml
a16d996c823b0d3ec433922b45e7fbfc89294c64926d2f60d48a84a2834e475a  lsp/dart.toml
102705870da6f52e33b08fdc230a5ffbda9746073afd35fda3a3aaa1069c28fb  lsp/elixir.toml
40387c61d4f2595f3d1639f25b25c26bb2a4e25d5a1e60f0d8cafc60c3f440ce  lsp/elm.toml
f13d2961e863722fdefc6179887c026cfd16b2f3ddbc86597fb2453abb907080  lsp/eslint.toml
d6140a73574c7f77cdfdd8213c1e5810dba9f060a8c56e632eb18ddf839098e9  lsp/fish.toml
252ac859a51ee40de220252c1b7fd296467a6e52d61e95896d4b004747074f2f  lsp/go.toml
661e3050fb2c94bcd9d16f9fb4f5fda0a6d70098801e5a622e327b1cd7d0edbb  lsp/graphql.toml
2dd0b59531731a23af499f3d4d37e723d64f66aea74b8e20fdf9dac11c7edaac  lsp/haskell.toml
824d47972406bc3a42bdec630479fb403b564cc3fb7fbd9e523509a3142e2e0f  lsp/html.toml
ca456c277dd5bf9990bcaac3677ed7f9ff99d7bc8d8b608a44ce86a2c35b7e8a  lsp/java.toml
d01551eb3aa9c46b0a10743ed78100b3e3dc947b16a5de577be950a8dda72604  lsp/json.toml
5879a174b0f3395022b31abdf9e696bce83f9ff571d06e58e549f8ed83477409  lsp/kotlin.toml
0257f04160df4ef2b9594e9fcbfa9cea35802f9b6d1f72672232d0c88665d508  lsp/latex.toml
d951e241599f80186a0f3df174a18747c07ad189ef89d455a77c5da71d209df1  lsp/lua.toml
2cf00fd5587aa168863766e774ef8a2fc8c7c4ac8e4074bf5d19c9d229adfec6  lsp/markdown.toml
0f2451beb34c18872460e594c9be37ddd15594a51ae6cb33292eb18a5e4073fb  lsp/ocaml.toml
72115aeb4815afdc7f1f66e11894223959c7c17ad2361185ab260f6e5cc4478c  lsp/oxlint.toml
09e4a6459534dea5b67db78652045497dce84bba29fef0a15f0a34f17f8bb838  lsp/perl.toml
b9c8a53cd668519b88211a8b37951578ff740de0993d71878e4d5939202a2922  lsp/php.toml
9a145129e04d114efec7a322cc61fbfc5601e382399c1912c70f6a310f4f680a  lsp/prisma.toml
2d6460c38ae794a029ff42e9dba2d6836aeafbc6512a7ee9ad46a34666d50f48  lsp/python.toml
0ff4e4a09b939af945addca753fa9b1cce423bff6258b0001d892d3eced69ff6  lsp/ruby.toml
9aa0021b958598e10d555db7841f89ebedd728e679050b020b0d763b2000f748  lsp/ruff.toml
c7e6b5c002f738da176888b7bf8b5b9f22136269f85edbb8d2db14405e8ddf43  lsp/rust.toml
571800839e6bfaa8dc08bedfae18ae289fa8a8377d3b73fdafa6d9ddd1f77377  lsp/scala.toml
a40fa0085d16426d33dd5c50c2cd1438636a3ffc3d6b2f08d468bd88b7dc1b44  lsp/svelte.toml
50fd18651ecc7327cf4f9cbc56c240c264870697be9fb57102bf3370adb219bf  lsp/swift.toml
157e75d347fe3932a5d5e2de3393ace460e8efcde0c50674638bfe37d7bb2fc9  lsp/terraform.toml
bb833798519501c8b3bee8e2c1c2fd8a5507f4a0804bf7cefc050c5eee84c9eb  lsp/toml.toml
489f82fda1216a5ba728176b32840e2b628384a76e5365e37568a01d58f755d3  lsp/typescript.toml
2366b71e35f74e1c05f0ebc1f3261a201a6fc6dcf1bc47616f0dc6fda3908c93  lsp/typst.toml
fd0e19f1df3f3748f8a1418e412f49712b3af8526007df79ced9cbd4250bc413  lsp/vim.toml
22d1bff4a20615ea5cb34f08c1912812b7f37615545ab46c0b64b8aa7d546699  lsp/xml.toml
92aa576f9b4838e347af1a83e5f59550874fa1a1c046d43b84c50e93c6e06bad  lsp/yaml.toml
fd29be70b909d67c5637353af96299fc43a1ee0cafc4f18602d36ab509d0257e  lsp/zig.toml
d1858e3bee10e8ebbad9416c4285f4f8fdd3e828ee696e82e0f79a0c76f611f6  themes/atom-one-light.json
8e9073c92c2cdf849677a2eb34b2a510d4ee32c5a1766e2ff5747401688095ab  themes/ayu-dark.json
9235852bcb35a4c5e1fda42e6556264ed62fd1383c30b1aec598d9278fa67a2a  themes/ayu-light.json
345dc7a21ac21f68b6fd3e96a8dae9883ec51c4eb0536ddfbd461c83959262ce  themes/catppuccin-frappe.json
d19a715a2b704f87111ec9456919d60130b29c360b3d19391cffcbc64e5e8e4e  themes/catppuccin-latte.json
5c379e5a997dd333e967a41e637952cb296eb97c0729485ae4cc1de87a10c345  themes/catppuccin-macchiato.json
7e020c950e700c145c12314e6ba430ba4fb2af2ac61731f5a435e1d73d9e117b  themes/catppuccin-mocha.json
c8cc58079ba2c31475ed74c7c9b1ba8ef97dd056011fbe9e8acefee9266ef686  themes/dracula.json
541b7fcf30080292d19a47dd46e66e562c3c235721a7ee1354255e9f4fcb3cf0  themes/github-dark.json
91acde7328d74e6e9e4c22c62710b17b495091e00667c29379d229a963d1eab7  themes/github-light.json
5a39b1cf61553accc0590bb865c53c7b34ca30ad7df9fc3ad747633e9947e985  themes/night-owl.json
fb0a761882a73fe80023fb393460c4ca170ba7624ec5f67b6dcfbc6250bc7b19  themes/nord.json
a059ccf94d86e20c5aa2cb0d81ffce9ba8ef5d196c329c650440c82f469f609a  themes/one-dark-pro.json
6927b47dda2831d8147f7dd9157d02de5d3cd4bd9a63a4014b2c1e0319d05569  themes/quiet-light.json
b38450f90baa982ab465ae563e37d127eaaf78fb112d68e78e927ec62b393293  themes/rose-pine-dawn.json
edb1c9e1885c103ae8691ea3ff0e0a069746bb8309e32f52c1f00d52bd448e1d  themes/shades-of-purple.json
f56bdb4e06eaf004897991964d858d90cf000e4c31a6a91323871204c01adc26  themes/solarized-light.json
aacea1a658c0e1a9fce8350d77a7d9cc2873eb6a88bdf8cda0b15f3c9bb9eb27  themes/synthwave-84.json
3ebd6ac0b854cf03800e28a1ef55bebaedd1c7398d1b2800a8f8e6e99e613a75  themes/tokyo-night.json
e3a14e4ea0236a745351106948a0a62751b4551c7c8f503670783e95bcf8c0c8  themes/tori-dark.json
c45c51a3e0d57d2f14b0fdb0e03f8377b0f923dda8006c7c0f43d97e82621e65  themes/tori-light.json
